
Microsoft Visual Studio Solution File, Format Version 12.00
# Visual Studio Version 16
VisualStudioVersion = 16.0.29709.97
MinimumVisualStudioVersion = 10.0.40219.1
Project("{FAE04EC0-301F-11D3-BF4B-00C04F79EFBC}") = "ClimbingDiary.API", "ClimbingDiary.API\ClimbingDiary.API.csproj", "{A99C8966-9C91-4807-95CD-12BB91A6EBD7}"
EndProject
Global
	GlobalSection(SolutionConfigurationPlatforms) = preSolution
		Debug|Any CPU = Debug|Any CPU
		Release|Any CPU = Release|Any CPU
	EndGlobalSection
	GlobalSection(ProjectConfigurationPlatforms) = postSolution
		{A99C8966-9C91-4807-95CD-12BB91A6EBD7}.Debug|Any CPU.ActiveCfg = Debug|Any CPU
		{A99C8966-9C91-4807-95CD-12BB91A6EBD7}.Debug|Any CPU.Build.0 = Debug|Any CPU
		{A99C8966-9C91-4807-95CD-12BB91A6EBD7}.Release|Any CPU.ActiveCfg = Release|Any CPU
		{A99C8966-9C91-4807-95CD-12BB91A6EBD7}.Release|Any CPU.Build.0 = Release|Any CPU
	EndGlobalSection
	GlobalSection(SolutionProperties) = preSolution
		HideSolutionNode = FALSE
	EndGlobalSection
	GlobalSection(ExtensibilityGlobals) = postSolution
		SolutionGuid = {976DDD2D-18AD-4F62-9D4B-A9E1D6CA958D}
	EndGlobalSection
EndGlobal
